
Microsoft Visual Studio Solution File, Format Version 12.00
# Visual Studio 2010
Project("{2150E333-8FDC-42A3-9474-1A3956D46DE8}") = "Solution Items", "Solution Items", "{D77A13B3-C446-4FF6-A775-4C2AFC95C545}"
	ProjectSection(SolutionItems) = preProject
		Local.testsettings = Local.testsettings
		Orcomp.vsmdi = Orcomp.vsmdi
		README.md = README.md
		TraceAndTestImpact.testsettings = TraceAndTestImpact.testsettings
	EndProjectSection
EndProject
Project("{FAE04EC0-301F-11D3-BF4B-00C04F79EFBC}") = "RandomtestCases", "RandomtestCases\RandomtestCases.csproj", "{EC4AAE9E-4076-495E-BEDC-87AF2C44AE91}"
EndProject
Project("{FAE04EC0-301F-11D3-BF4B-00C04F79EFBC}") = "Orc", "Orc\Orc.csproj", "{71F9CF8B-53A6-4626-BC89-CE4862D234A8}"
EndProject
Project("{FAE04EC0-301F-11D3-BF4B-00C04F79EFBC}") = "Orc.Tests", "Orc.Tests\Orc.Tests.csproj", "{516B24CC-58B4-494A-A06B-584AC1172187}"
EndProject
Project("{FAE04EC0-301F-11D3-BF4B-00C04F79EFBC}") = "Orc.Submissions", "Orc.Submissions\Orc.Submissions.csproj", "{B3AE465F-5FF3-4512-8D2C-262C9BCA060E}"
EndProject
Project("{FAE04EC0-301F-11D3-BF4B-00C04F79EFBC}") = "Orc.Competitions", "Orc.Competitions\Orc.Competitions.csproj", "{EE970D10-607F-4508-BEE8-A7A9B0123FDB}"
EndProject
Project("{FAE04EC0-301F-11D3-BF4B-00C04F79EFBC}") = "NPerf.Fixture.IAccountForEfficiencies", "NPerf.Fixture.IAccountForEfficiencies\NPerf.Fixture.IAccountForEfficiencies.csproj", "{4FF2B2D1-5E7B-458E-8FAA-22FA708DDD74}"
EndProject
Project("{FAE04EC0-301F-11D3-BF4B-00C04F79EFBC}") = "NPerf.Fixture.IIntervalContainer", "NPerf.Fixture.IIntervalContainer\NPerf.Fixture.IIntervalContainer.csproj", "{96F08E8A-780D-4A08-83D3-7CD0703746C7}"
EndProject
Project("{FAE04EC0-301F-11D3-BF4B-00C04F79EFBC}") = "NPerf.Fixture.ISorter", "NPerf.Fixture.ISorter\NPerf.Fixture.ISorter.csproj", "{8B6EB19D-443C-4692-9FAC-3D7357F3EA13}"
EndProject
Project("{FAE04EC0-301F-11D3-BF4B-00C04F79EFBC}") = "NPerf.Fixture.ISorterInt", "NPerf.Fixture.ISorterInt\NPerf.Fixture.ISorterInt.csproj", "{9FC62063-FDB0-4341-B5E0-897469F0CCC4}"
EndProject
Project("{2150E333-8FDC-42A3-9474-1A3956D46DE8}") = "Silverlight", "Silverlight", "{E4B41FEA-A3B3-40FA-8F0E-88BA1826CF64}"
EndProject
Project("{FAE04EC0-301F-11D3-BF4B-00C04F79EFBC}") = "Orc", "Silverlight\Orc\Orc.csproj", "{628B699C-AB33-492F-8F7B-3CA34CE2DD3E}"
EndProject
Project("{FAE04EC0-301F-11D3-BF4B-00C04F79EFBC}") = "Orc.Competitions", "Silverlight\Orc.Competitions\Orc.Competitions.csproj", "{B08B5858-8801-4723-87C6-E47375530FEA}"
EndProject
Project("{FAE04EC0-301F-11D3-BF4B-00C04F79EFBC}") = "Orc.Submissions", "Silverlight\Orc.Submissions\Orc.Submissions.csproj", "{AFD1DB96-45FC-4BD5-99F0-A38BDCE5F22A}"
EndProject
Project("{FAE04EC0-301F-11D3-BF4B-00C04F79EFBC}") = "Orc.Tests", "Silverlight\Orc.Tests\Orc.Tests.csproj", "{24537BEF-2892-4FC4-A53F-83C4925D5D0F}"
EndProject
Project("{FAE04EC0-301F-11D3-BF4B-00C04F79EFBC}") = "NPerf.Fixture.AList", "NPerf.Fixture.AList\NPerf.Fixture.AList.csproj", "{05B419C2-A805-44AC-9C70-2EF1362FE80D}"
EndProject
Global
	GlobalSection(TestCaseManagementSettings) = postSolution
		CategoryFile = Orcomp.vsmdi
	EndGlobalSection
	GlobalSection(SolutionConfigurationPlatforms) = preSolution
		Debug|Any CPU = Debug|Any CPU
		Debug|Mixed Platforms = Debug|Mixed Platforms
		Debug|x86 = Debug|x86
		Release|Any CPU = Release|Any CPU
		Release|Mixed Platforms = Release|Mixed Platforms
		Release|x86 = Release|x86
	EndGlobalSection
	GlobalSection(ProjectConfigurationPlatforms) = postSolution
		{EC4AAE9E-4076-495E-BEDC-87AF2C44AE91}.Debug|Any CPU.ActiveCfg = Debug|x86
		{EC4AAE9E-4076-495E-BEDC-87AF2C44AE91}.Debug|Mixed Platforms.ActiveCfg = Debug|x86
		{EC4AAE9E-4076-495E-BEDC-87AF2C44AE91}.Debug|Mixed Platforms.Build.0 = Debug|x86
		{EC4AAE9E-4076-495E-BEDC-87AF2C44AE91}.Debug|x86.ActiveCfg = Debug|x86
		{EC4AAE9E-4076-495E-BEDC-87AF2C44AE91}.Debug|x86.Build.0 = Debug|x86
		{EC4AAE9E-4076-495E-BEDC-87AF2C44AE91}.Release|Any CPU.ActiveCfg = Release|x86
		{EC4AAE9E-4076-495E-BEDC-87AF2C44AE91}.Release|Mixed Platforms.ActiveCfg = Release|x86
		{EC4AAE9E-4076-495E-BEDC-87AF2C44AE91}.Release|Mixed Platforms.Build.0 = Release|x86
		{EC4AAE9E-4076-495E-BEDC-87AF2C44AE91}.Release|x86.ActiveCfg = Release|x86
		{EC4AAE9E-4076-495E-BEDC-87AF2C44AE91}.Release|x86.Build.0 = Release|x86
		{71F9CF8B-53A6-4626-BC89-CE4862D234A8}.Debug|Any CPU.ActiveCfg = Debug|Any CPU
		{71F9CF8B-53A6-4626-BC89-CE4862D234A8}.Debug|Any CPU.Build.0 = Debug|Any CPU
		{71F9CF8B-53A6-4626-BC89-CE4862D234A8}.Debug|Mixed Platforms.ActiveCfg = Release|Any CPU
		{71F9CF8B-53A6-4626-BC89-CE4862D234A8}.Debug|Mixed Platforms.Build.0 = Release|Any CPU
		{71F9CF8B-53A6-4626-BC89-CE4862D234A8}.Debug|x86.ActiveCfg = Debug|Any CPU
		{71F9CF8B-53A6-4626-BC89-CE4862D234A8}.Release|Any CPU.ActiveCfg = Release|Any CPU
		{71F9CF8B-53A6-4626-BC89-CE4862D234A8}.Release|Any CPU.Build.0 = Release|Any CPU
		{71F9CF8B-53A6-4626-BC89-CE4862D234A8}.Release|Mixed Platforms.ActiveCfg = Release|Any CPU
		{71F9CF8B-53A6-4626-BC89-CE4862D234A8}.Release|Mixed Platforms.Build.0 = Release|Any CPU
		{71F9CF8B-53A6-4626-BC89-CE4862D234A8}.Release|x86.ActiveCfg = Release|Any CPU
		{516B24CC-58B4-494A-A06B-584AC1172187}.Debug|Any CPU.ActiveCfg = Debug|Any CPU
		{516B24CC-58B4-494A-A06B-584AC1172187}.Debug|Any CPU.Build.0 = Debug|Any CPU
		{516B24CC-58B4-494A-A06B-584AC1172187}.Debug|Mixed Platforms.ActiveCfg = Debug|Any CPU
		{516B24CC-58B4-494A-A06B-584AC1172187}.Debug|Mixed Platforms.Build.0 = Debug|Any CPU
		{516B24CC-58B4-494A-A06B-584AC1172187}.Debug|x86.ActiveCfg = Debug|Any CPU
		{516B24CC-58B4-494A-A06B-584AC1172187}.Release|Any CPU.ActiveCfg = Release|Any CPU
		{516B24CC-58B4-494A-A06B-584AC1172187}.Release|Any CPU.Build.0 = Release|Any CPU
		{516B24CC-58B4-494A-A06B-584AC1172187}.Release|Mixed Platforms.ActiveCfg = Release|Any CPU
		{516B24CC-58B4-494A-A06B-584AC1172187}.Release|Mixed Platforms.Build.0 = Release|Any CPU
		{516B24CC-58B4-494A-A06B-584AC1172187}.Release|x86.ActiveCfg = Release|Any CPU
		{B3AE465F-5FF3-4512-8D2C-262C9BCA060E}.Debug|Any CPU.ActiveCfg = Debug|Any CPU
		{B3AE465F-5FF3-4512-8D2C-262C9BCA060E}.Debug|Any CPU.Build.0 = Debug|Any CPU
		{B3AE465F-5FF3-4512-8D2C-262C9BCA060E}.Debug|Mixed Platforms.ActiveCfg = Release|Any CPU
		{B3AE465F-5FF3-4512-8D2C-262C9BCA060E}.Debug|Mixed Platforms.Build.0 = Release|Any CPU
		{B3AE465F-5FF3-4512-8D2C-262C9BCA060E}.Debug|x86.ActiveCfg = Debug|Any CPU
		{B3AE465F-5FF3-4512-8D2C-262C9BCA060E}.Release|Any CPU.ActiveCfg = Release|Any CPU
		{B3AE465F-5FF3-4512-8D2C-262C9BCA060E}.Release|Any CPU.Build.0 = Release|Any CPU
		{B3AE465F-5FF3-4512-8D2C-262C9BCA060E}.Release|Mixed Platforms.ActiveCfg = Release|Any CPU
		{B3AE465F-5FF3-4512-8D2C-262C9BCA060E}.Release|Mixed Platforms.Build.0 = Release|Any CPU
		{B3AE465F-5FF3-4512-8D2C-262C9BCA060E}.Release|x86.ActiveCfg = Release|Any CPU
		{EE970D10-607F-4508-BEE8-A7A9B0123FDB}.Debug|Any CPU.ActiveCfg = Debug|Any CPU
		{EE970D10-607F-4508-BEE8-A7A9B0123FDB}.Debug|Any CPU.Build.0 = Debug|Any CPU
		{EE970D10-607F-4508-BEE8-A7A9B0123FDB}.Debug|Mixed Platforms.ActiveCfg = Debug|Any CPU
		{EE970D10-607F-4508-BEE8-A7A9B0123FDB}.Debug|Mixed Platforms.Build.0 = Debug|Any CPU
		{EE970D10-607F-4508-BEE8-A7A9B0123FDB}.Debug|x86.ActiveCfg = Debug|Any CPU
		{EE970D10-607F-4508-BEE8-A7A9B0123FDB}.Release|Any CPU.ActiveCfg = Release|Any CPU
		{EE970D10-607F-4508-BEE8-A7A9B0123FDB}.Release|Any CPU.Build.0 = Release|Any CPU
		{EE970D10-607F-4508-BEE8-A7A9B0123FDB}.Release|Mixed Platforms.ActiveCfg = Release|Any CPU
		{EE970D10-607F-4508-BEE8-A7A9B0123FDB}.Release|Mixed Platforms.Build.0 = Release|Any CPU
		{EE970D10-607F-4508-BEE8-A7A9B0123FDB}.Release|x86.ActiveCfg = Release|Any CPU
		{4FF2B2D1-5E7B-458E-8FAA-22FA708DDD74}.Debug|Any CPU.ActiveCfg = Debug|Any CPU
		{4FF2B2D1-5E7B-458E-8FAA-22FA708DDD74}.Debug|Any CPU.Build.0 = Debug|Any CPU
		{4FF2B2D1-5E7B-458E-8FAA-22FA708DDD74}.Debug|Mixed Platforms.ActiveCfg = Debug|Any CPU
		{4FF2B2D1-5E7B-458E-8FAA-22FA708DDD74}.Debug|Mixed Platforms.Build.0 = Debug|Any CPU
		{4FF2B2D1-5E7B-458E-8FAA-22FA708DDD74}.Debug|x86.ActiveCfg = Debug|Any CPU
		{4FF2B2D1-5E7B-458E-8FAA-22FA708DDD74}.Release|Any CPU.ActiveCfg = Release|Any CPU
		{4FF2B2D1-5E7B-458E-8FAA-22FA708DDD74}.Release|Any CPU.Build.0 = Release|Any CPU
		{4FF2B2D1-5E7B-458E-8FAA-22FA708DDD74}.Release|Mixed Platforms.ActiveCfg = Release|Any CPU
		{4FF2B2D1-5E7B-458E-8FAA-22FA708DDD74}.Release|Mixed Platforms.Build.0 = Release|Any CPU
		{4FF2B2D1-5E7B-458E-8FAA-22FA708DDD74}.Release|x86.ActiveCfg = Release|Any CPU
		{96F08E8A-780D-4A08-83D3-7CD0703746C7}.Debug|Any CPU.ActiveCfg = Debug|Any CPU
		{96F08E8A-780D-4A08-83D3-7CD0703746C7}.Debug|Any CPU.Build.0 = Debug|Any CPU
		{96F08E8A-780D-4A08-83D3-7CD0703746C7}.Debug|Mixed Platforms.ActiveCfg = Debug|Any CPU
		{96F08E8A-780D-4A08-83D3-7CD0703746C7}.Debug|Mixed Platforms.Build.0 = Debug|Any CPU
		{96F08E8A-780D-4A08-83D3-7CD0703746C7}.Debug|x86.ActiveCfg = Debug|Any CPU
		{96F08E8A-780D-4A08-83D3-7CD0703746C7}.Release|Any CPU.ActiveCfg = Release|Any CPU
		{96F08E8A-780D-4A08-83D3-7CD0703746C7}.Release|Any CPU.Build.0 = Release|Any CPU
		{96F08E8A-780D-4A08-83D3-7CD0703746C7}.Release|Mixed Platforms.ActiveCfg = Release|Any CPU
		{96F08E8A-780D-4A08-83D3-7CD0703746C7}.Release|Mixed Platforms.Build.0 = Release|Any CPU
		{96F08E8A-780D-4A08-83D3-7CD0703746C7}.Release|x86.ActiveCfg = Release|Any CPU
		{8B6EB19D-443C-4692-9FAC-3D7357F3EA13}.Debug|Any CPU.ActiveCfg = Debug|Any CPU
		{8B6EB19D-443C-4692-9FAC-3D7357F3EA13}.Debug|Any CPU.Build.0 = Debug|Any CPU
		{8B6EB19D-443C-4692-9FAC-3D7357F3EA13}.Debug|Mixed Platforms.ActiveCfg = Debug|Any CPU
		{8B6EB19D-443C-4692-9FAC-3D7357F3EA13}.Debug|Mixed Platforms.Build.0 = Debug|Any CPU
		{8B6EB19D-443C-4692-9FAC-3D7357F3EA13}.Debug|x86.ActiveCfg = Debug|Any CPU
		{8B6EB19D-443C-4692-9FAC-3D7357F3EA13}.Release|Any CPU.ActiveCfg = Release|Any CPU
		{8B6EB19D-443C-4692-9FAC-3D7357F3EA13}.Release|Any CPU.Build.0 = Release|Any CPU
		{8B6EB19D-443C-4692-9FAC-3D7357F3EA13}.Release|Mixed Platforms.ActiveCfg = Release|Any CPU
		{8B6EB19D-443C-4692-9FAC-3D7357F3EA13}.Release|Mixed Platforms.Build.0 = Release|Any CPU
		{8B6EB19D-443C-4692-9FAC-3D7357F3EA13}.Release|x86.ActiveCfg = Release|Any CPU
		{9FC62063-FDB0-4341-B5E0-897469F0CCC4}.Debug|Any CPU.ActiveCfg = Debug|Any CPU
		{9FC62063-FDB0-4341-B5E0-897469F0CCC4}.Debug|Any CPU.Build.0 = Debug|Any CPU
		{9FC62063-FDB0-4341-B5E0-897469F0CCC4}.Debug|Mixed Platforms.ActiveCfg = Debug|Any CPU
		{9FC62063-FDB0-4341-B5E0-897469F0CCC4}.Debug|Mixed Platforms.Build.0 = Debug|Any CPU
		{9FC62063-FDB0-4341-B5E0-897469F0CCC4}.Debug|x86.ActiveCfg = Debug|Any CPU
		{9FC62063-FDB0-4341-B5E0-897469F0CCC4}.Release|Any CPU.ActiveCfg = Release|Any CPU
		{9FC62063-FDB0-4341-B5E0-897469F0CCC4}.Release|Any CPU.Build.0 = Release|Any CPU
		{9FC62063-FDB0-4341-B5E0-897469F0CCC4}.Release|Mixed Platforms.ActiveCfg = Release|Any CPU
		{9FC62063-FDB0-4341-B5E0-897469F0CCC4}.Release|Mixed Platforms.Build.0 = Release|Any CPU
		{9FC62063-FDB0-4341-B5E0-897469F0CCC4}.Release|x86.ActiveCfg = Release|Any CPU
		{628B699C-AB33-492F-8F7B-3CA34CE2DD3E}.Debug|Any CPU.ActiveCfg = Debug|Any CPU
		{628B699C-AB33-492F-8F7B-3CA34CE2DD3E}.Debug|Any CPU.Build.0 = Debug|Any CPU
		{628B699C-AB33-492F-8F7B-3CA34CE2DD3E}.Debug|Mixed Platforms.ActiveCfg = Debug|Any CPU
		{628B699C-AB33-492F-8F7B-3CA34CE2DD3E}.Debug|Mixed Platforms.Build.0 = Debug|Any CPU
		{628B699C-AB33-492F-8F7B-3CA34CE2DD3E}.Debug|x86.ActiveCfg = Debug|Any CPU
		{628B699C-AB33-492F-8F7B-3CA34CE2DD3E}.Release|Any CPU.ActiveCfg = Release|Any CPU
		{628B699C-AB33-492F-8F7B-3CA34CE2DD3E}.Release|Any CPU.Build.0 = Release|Any CPU
		{628B699C-AB33-492F-8F7B-3CA34CE2DD3E}.Release|Mixed Platforms.ActiveCfg = Release|Any CPU
		{628B699C-AB33-492F-8F7B-3CA34CE2DD3E}.Release|Mixed Platforms.Build.0 = Release|Any CPU
		{628B699C-AB33-492F-8F7B-3CA34CE2DD3E}.Release|x86.ActiveCfg = Release|Any CPU
		{B08B5858-8801-4723-87C6-E47375530FEA}.Debug|Any CPU.ActiveCfg = Debug|Any CPU
		{B08B5858-8801-4723-87C6-E47375530FEA}.Debug|Any CPU.Build.0 = Debug|Any CPU
		{B08B5858-8801-4723-87C6-E47375530FEA}.Debug|Mixed Platforms.ActiveCfg = Debug|Any CPU
		{B08B5858-8801-4723-87C6-E47375530FEA}.Debug|Mixed Platforms.Build.0 = Debug|Any CPU
		{B08B5858-8801-4723-87C6-E47375530FEA}.Debug|x86.ActiveCfg = Debug|Any CPU
		{B08B5858-8801-4723-87C6-E47375530FEA}.Release|Any CPU.ActiveCfg = Release|Any CPU
		{B08B5858-8801-4723-87C6-E47375530FEA}.Release|Any CPU.Build.0 = Release|Any CPU
		{B08B5858-8801-4723-87C6-E47375530FEA}.Release|Mixed Platforms.ActiveCfg = Release|Any CPU
		{B08B5858-8801-4723-87C6-E47375530FEA}.Release|Mixed Platforms.Build.0 = Release|Any CPU
		{B08B5858-8801-4723-87C6-E47375530FEA}.Release|x86.ActiveCfg = Release|Any CPU
		{AFD1DB96-45FC-4BD5-99F0-A38BDCE5F22A}.Debug|Any CPU.ActiveCfg = Debug|Any CPU
		{AFD1DB96-45FC-4BD5-99F0-A38BDCE5F22A}.Debug|Any CPU.Build.0 = Debug|Any CPU
		{AFD1DB96-45FC-4BD5-99F0-A38BDCE5F22A}.Debug|Mixed Platforms.ActiveCfg = Debug|Any CPU
		{AFD1DB96-45FC-4BD5-99F0-A38BDCE5F22A}.Debug|Mixed Platforms.Build.0 = Debug|Any CPU
		{AFD1DB96-45FC-4BD5-99F0-A38BDCE5F22A}.Debug|x86.ActiveCfg = Debug|Any CPU
		{AFD1DB96-45FC-4BD5-99F0-A38BDCE5F22A}.Release|Any CPU.ActiveCfg = Release|Any CPU
		{AFD1DB96-45FC-4BD5-99F0-A38BDCE5F22A}.Release|Any CPU.Build.0 = Release|Any CPU
		{AFD1DB96-45FC-4BD5-99F0-A38BDCE5F22A}.Release|Mixed Platforms.ActiveCfg = Release|Any CPU
		{AFD1DB96-45FC-4BD5-99F0-A38BDCE5F22A}.Release|Mixed Platforms.Build.0 = Release|Any CPU
		{AFD1DB96-45FC-4BD5-99F0-A38BDCE5F22A}.Release|x86.ActiveCfg = Release|Any CPU
		{24537BEF-2892-4FC4-A53F-83C4925D5D0F}.Debug|Any CPU.ActiveCfg = Debug|Any CPU
		{24537BEF-2892-4FC4-A53F-83C4925D5D0F}.Debug|Any CPU.Build.0 = Debug|Any CPU
		{24537BEF-2892-4FC4-A53F-83C4925D5D0F}.Debug|Mixed Platforms.ActiveCfg = Debug|Any CPU
		{24537BEF-2892-4FC4-A53F-83C4925D5D0F}.Debug|Mixed Platforms.Build.0 = Debug|Any CPU
		{24537BEF-2892-4FC4-A53F-83C4925D5D0F}.Debug|x86.ActiveCfg = Debug|Any CPU
		{24537BEF-2892-4FC4-A53F-83C4925D5D0F}.Release|Any CPU.ActiveCfg = Release|Any CPU
		{24537BEF-2892-4FC4-A53F-83C4925D5D0F}.Release|Any CPU.Build.0 = Release|Any CPU
		{24537BEF-2892-4FC4-A53F-83C4925D5D0F}.Release|Mixed Platforms.ActiveCfg = Release|Any CPU
		{24537BEF-2892-4FC4-A53F-83C4925D5D0F}.Release|Mixed Platforms.Build.0 = Release|Any CPU
		{24537BEF-2892-4FC4-A53F-83C4925D5D0F}.Release|x86.ActiveCfg = Release|Any CPU
		{05B419C2-A805-44AC-9C70-2EF1362FE80D}.Debug|Any CPU.ActiveCfg = Debug|Any CPU
		{05B419C2-A805-44AC-9C70-2EF1362FE80D}.Debug|Any CPU.Build.0 = Debug|Any CPU
		{05B419C2-A805-44AC-9C70-2EF1362FE80D}.Debug|Mixed Platforms.ActiveCfg = Debug|Any CPU
		{05B419C2-A805-44AC-9C70-2EF1362FE80D}.Debug|Mixed Platforms.Build.0 = Debug|Any CPU
		{05B419C2-A805-44AC-9C70-2EF1362FE80D}.Debug|x86.ActiveCfg = Debug|Any CPU
		{05B419C2-A805-44AC-9C70-2EF1362FE80D}.Release|Any CPU.ActiveCfg = Release|Any CPU
		{05B419C2-A805-44AC-9C70-2EF1362FE80D}.Release|Any CPU.Build.0 = Release|Any CPU
		{05B419C2-A805-44AC-9C70-2EF1362FE80D}.Release|Mixed Platforms.ActiveCfg = Release|Any CPU
		{05B419C2-A805-44AC-9C70-2EF1362FE80D}.Release|Mixed Platforms.Build.0 = Release|Any CPU
		{05B419C2-A805-44AC-9C70-2EF1362FE80D}.Release|x86.ActiveCfg = Release|Any CPU
	EndGlobalSection
	GlobalSection(SolutionProperties) = preSolution
		HideSolutionNode = FALSE
	EndGlobalSection
	GlobalSection(NestedProjects) = preSolution
		{628B699C-AB33-492F-8F7B-3CA34CE2DD3E} = {E4B41FEA-A3B3-40FA-8F0E-88BA1826CF64}
		{B08B5858-8801-4723-87C6-E47375530FEA} = {E4B41FEA-A3B3-40FA-8F0E-88BA1826CF64}
		{AFD1DB96-45FC-4BD5-99F0-A38BDCE5F22A} = {E4B41FEA-A3B3-40FA-8F0E-88BA1826CF64}
		{24537BEF-2892-4FC4-A53F-83C4925D5D0F} = {E4B41FEA-A3B3-40FA-8F0E-88BA1826CF64}
	EndGlobalSection
EndGlobal
